
Microsoft Visual Studio Solution File, Format Version 12.00
# Visual Studio Version 16
VisualStudioVersion = 16.0.31515.178
MinimumVisualStudioVersion = 10.0.40219.1
Project("{FAE04EC0-301F-11D3-BF4B-00C04F79EFBC}") = "GitTest", "GitTest\GitTest.csproj", "{EFB8E14F-704A-4E45-BD23-C20A5A815ABD}"
EndProject
Global
	GlobalSection(SolutionConfigurationPlatforms) = preSolution
		Debug|Any CPU = Debug|Any CPU
		Release|Any CPU = Release|Any CPU
	EndGlobalSection
	GlobalSection(ProjectConfigurationPlatforms) = postSolution
		{EFB8E14F-704A-4E45-BD23-C20A5A815ABD}.Debug|Any CPU.ActiveCfg = Debug|Any CPU
		{EFB8E14F-704A-4E45-BD23-C20A5A815ABD}.Debug|Any CPU.Build.0 = Debug|Any CPU
		{EFB8E14F-704A-4E45-BD23-C20A5A815ABD}.Release|Any CPU.ActiveCfg = Release|Any CPU
		{EFB8E14F-704A-4E45-BD23-C20A5A815ABD}.Release|Any CPU.Build.0 = Release|Any CPU
	EndGlobalSection
	GlobalSection(SolutionProperties) = preSolution
		HideSolutionNode = FALSE
	EndGlobalSection
	GlobalSection(ExtensibilityGlobals) = postSolution
		SolutionGuid = {F25E965D-BA84-44EA-AC07-5F9964FBB084}
	EndGlobalSection
EndGlobal
